
Microsoft Visual Studio Solution File, Format Version 12.00
# Visual Studio Version 16
VisualStudioVersion = 16.0.28516.95
MinimumVisualStudioVersion = 10.0.40219.1
Project("{FAE04EC0-301F-11D3-BF4B-00C04F79EFBC}") = "TechoramaSessie.API.Routing.Advanced", "TechoramaSessie.API.Routing.Advanced\TechoramaSessie.API.Routing.Advanced.csproj", "{D32AA0F0-A776-4257-B470-A0B59A8B682A}"
EndProject
Global
	GlobalSection(SolutionConfigurationPlatforms) = preSolution
		Debug|Any CPU = Debug|Any CPU
		Release|Any CPU = Release|Any CPU
	EndGlobalSection
	GlobalSection(ProjectConfigurationPlatforms) = postSolution
		{D32AA0F0-A776-4257-B470-A0B59A8B682A}.Debug|Any CPU.ActiveCfg = Debug|Any CPU
		{D32AA0F0-A776-4257-B470-A0B59A8B682A}.Debug|Any CPU.Build.0 = Debug|Any CPU
		{D32AA0F0-A776-4257-B470-A0B59A8B682A}.Release|Any CPU.ActiveCfg = Release|Any CPU
		{D32AA0F0-A776-4257-B470-A0B59A8B682A}.Release|Any CPU.Build.0 = Release|Any CPU
	EndGlobalSection
	GlobalSection(SolutionProperties) = preSolution
		HideSolutionNode = FALSE
	EndGlobalSection
	GlobalSection(ExtensibilityGlobals) = postSolution
		SolutionGuid = {D8EE5830-0489-4BD6-B3E1-2B1053422A2D}
	EndGlobalSection
EndGlobal
